Microsoft Visual Studio Solution File, Format Version 12.00
# Visual Studio Version 17
VisualStudioVersion = 17.5.2.0
MinimumVisualStudioVersion = 10.0.40219.1
Project("{FAE04EC0-301F-11D3-BF4B-00C04F79EFBC}") = "laba2", "laba2.csproj", "{EADB496C-E364-CE39-05A4-DFAC5260F8CD}"
EndProject
Global
	GlobalSection(SolutionConfigurationPlatforms) = preSolution
		Debug|Any CPU = Debug|Any CPU
		Release|Any CPU = Release|Any CPU
	EndGlobalSection
	GlobalSection(ProjectConfigurationPlatforms) = postSolution
		{EADB496C-E364-CE39-05A4-DFAC5260F8CD}.Debug|Any CPU.ActiveCfg = Debug|Any CPU
		{EADB496C-E364-CE39-05A4-DFAC5260F8CD}.Debug|Any CPU.Build.0 = Debug|Any CPU
		{EADB496C-E364-CE39-05A4-DFAC5260F8CD}.Release|Any CPU.ActiveCfg = Release|Any CPU
		{EADB496C-E364-CE39-05A4-DFAC5260F8CD}.Release|Any CPU.Build.0 = Release|Any CPU
	EndGlobalSection
	GlobalSection(SolutionProperties) = preSolution
		HideSolutionNode = FALSE
	EndGlobalSection
	GlobalSection(ExtensibilityGlobals) = postSolution
		SolutionGuid = {9DB07A3D-D4FA-4C64-BB14-F7644B83E8E7}
	EndGlobalSection
EndGlobal
